
Microsoft Visual Studio Solution File, Format Version 12.00
# Visual Studio Version 16
VisualStudioVersion = 16.0.29021.104
MinimumVisualStudioVersion = 10.0.40219.1
Project("{FAE04EC0-301F-11D3-BF4B-00C04F79EFBC}") = "DFA", "DFA\DFA.csproj", "{3AD0575A-449D-4B26-8BF8-292CAD094036}"
EndProject
Global
	GlobalSection(SolutionConfigurationPlatforms) = preSolution
		Debug|Any CPU = Debug|Any CPU
		Release|Any CPU = Release|Any CPU
	EndGlobalSection
	GlobalSection(ProjectConfigurationPlatforms) = postSolution
		{3AD0575A-449D-4B26-8BF8-292CAD094036}.Debug|Any CPU.ActiveCfg = Debug|Any CPU
		{3AD0575A-449D-4B26-8BF8-292CAD094036}.Debug|Any CPU.Build.0 = Debug|Any CPU
		{3AD0575A-449D-4B26-8BF8-292CAD094036}.Release|Any CPU.ActiveCfg = Release|Any CPU
		{3AD0575A-449D-4B26-8BF8-292CAD094036}.Release|Any CPU.Build.0 = Release|Any CPU
	EndGlobalSection
	GlobalSection(SolutionProperties) = preSolution
		HideSolutionNode = FALSE
	EndGlobalSection
	GlobalSection(ExtensibilityGlobals) = postSolution
		SolutionGuid = {5B7E2825-C68A-4ABF-83D6-B3EAB1F2528E}
	EndGlobalSection
EndGlobal
